
Microsoft Visual Studio Solution File, Format Version 12.00
# Visual Studio Version 17
VisualStudioVersion = 17.0.31903.59
MinimumVisualStudioVersion = 10.0.40219.1
Project("{FAE04EC0-301F-11D3-BF4B-00C04F79EFBC}") = "OpenAiRagDemo.Api", "OpenAiRagDemo.Api\OpenAiRagDemo.Api.csproj", "{A855C2F5-8BF9-4C35-A123-55FC23DD461A}"
EndProject
Project("{FAE04EC0-301F-11D3-BF4B-00C04F79EFBC}") = "OpenAiRagDemo.Client", "OpenAiRagDemo.Client\OpenAiRagDemo.Client.csproj", "{EB97BA64-A02D-46B6-91E8-8350636B4336}"
EndProject
Global
	GlobalSection(SolutionConfigurationPlatforms) = preSolution
		Debug|Any CPU = Debug|Any CPU
		Debug|x64 = Debug|x64
		Debug|x86 = Debug|x86
		Release|Any CPU = Release|Any CPU
		Release|x64 = Release|x64
		Release|x86 = Release|x86
	EndGlobalSection
	GlobalSection(ProjectConfigurationPlatforms) = postSolution
		{A855C2F5-8BF9-4C35-A123-55FC23DD461A}.Debug|Any CPU.ActiveCfg = Debug|Any CPU
		{A855C2F5-8BF9-4C35-A123-55FC23DD461A}.Debug|Any CPU.Build.0 = Debug|Any CPU
		{A855C2F5-8BF9-4C35-A123-55FC23DD461A}.Debug|x64.ActiveCfg = Debug|Any CPU
		{A855C2F5-8BF9-4C35-A123-55FC23DD461A}.Debug|x64.Build.0 = Debug|Any CPU
		{A855C2F5-8BF9-4C35-A123-55FC23DD461A}.Debug|x86.ActiveCfg = Debug|Any CPU
		{A855C2F5-8BF9-4C35-A123-55FC23DD461A}.Debug|x86.Build.0 = Debug|Any CPU
		{A855C2F5-8BF9-4C35-A123-55FC23DD461A}.Release|Any CPU.ActiveCfg = Release|Any CPU
		{A855C2F5-8BF9-4C35-A123-55FC23DD461A}.Release|Any CPU.Build.0 = Release|Any CPU
		{A855C2F5-8BF9-4C35-A123-55FC23DD461A}.Release|x64.ActiveCfg = Release|Any CPU
		{A855C2F5-8BF9-4C35-A123-55FC23DD461A}.Release|x64.Build.0 = Release|Any CPU
		{A855C2F5-8BF9-4C35-A123-55FC23DD461A}.Release|x86.ActiveCfg = Release|Any CPU
		{A855C2F5-8BF9-4C35-A123-55FC23DD461A}.Release|x86.Build.0 = Release|Any CPU
		{EB97BA64-A02D-46B6-91E8-8350636B4336}.Debug|Any CPU.ActiveCfg = Debug|Any CPU
		{EB97BA64-A02D-46B6-91E8-8350636B4336}.Debug|Any CPU.Build.0 = Debug|Any CPU
		{EB97BA64-A02D-46B6-91E8-8350636B4336}.Debug|x64.ActiveCfg = Debug|Any CPU
		{EB97BA64-A02D-46B6-91E8-8350636B4336}.Debug|x64.Build.0 = Debug|Any CPU
		{EB97BA64-A02D-46B6-91E8-8350636B4336}.Debug|x86.ActiveCfg = Debug|Any CPU
		{EB97BA64-A02D-46B6-91E8-8350636B4336}.Debug|x86.Build.0 = Debug|Any CPU
		{EB97BA64-A02D-46B6-91E8-8350636B4336}.Release|Any CPU.ActiveCfg = Release|Any CPU
		{EB97BA64-A02D-46B6-91E8-8350636B4336}.Release|Any CPU.Build.0 = Release|Any CPU
		{EB97BA64-A02D-46B6-91E8-8350636B4336}.Release|x64.ActiveCfg = Release|Any CPU
		{EB97BA64-A02D-46B6-91E8-8350636B4336}.Release|x64.Build.0 = Release|Any CPU
		{EB97BA64-A02D-46B6-91E8-8350636B4336}.Release|x86.ActiveCfg = Release|Any CPU
		{EB97BA64-A02D-46B6-91E8-8350636B4336}.Release|x86.Build.0 = Release|Any CPU
	EndGlobalSection
	GlobalSection(SolutionProperties) = preSolution
		HideSolutionNode = FALSE
	EndGlobalSection
EndGlobal
